{
  "nodes": {
    "nix-darwin": {
      "inputs": {
        "nixpkgs": [
          "nixpkgs"
        ]
      },
      "locked": {
        "lastModified": 1725627455,
        "narHash": "sha256-xI0OSqPHcs/c/utJsU0Zvcp1VhejMI9mgwr68uHHlPs=",
        "owner": "LnL7",
        "repo": "nix-darwin",
        "rev": "c334175319949f6887dcab89afb32f1bb38e9f88",
        "type": "github"
      },
      "original": {
        "owner": "LnL7",
        "repo": "nix-darwin",
        "rev": "c334175319949f6887dcab89afb32f1bb38e9f88",
        "type": "github"
      }
    },
    "nixpkgs": {
      "locked": {
        "lastModified": 1736693123,
        "narHash": "sha256-9lIfXCaBPwUA7FnfDnoH4gxxdOvXG78k6UlUw0+ZDxc=",
        "owner": "NixOS",
        "repo": "nixpkgs",
        "rev": "2fdec2c2e68b7b7845d1ea4e0894c63143e3261b",
        "type": "github"
      },
      "original": {
        "owner": "NixOS",
        "ref": "nixpkgs-unstable",
        "repo": "nixpkgs",
        "type": "github"
      }
    },
    "root": {
      "inputs": {
        "nix-darwin": "nix-darwin",
        "nixpkgs": "nixpkgs"
      }
    }
  },
  "root": "root",
  "version": 7
}
